
Microsoft Visual Studio Solution File, Format Version 12.00
# Visual Studio Version 17
VisualStudioVersion = 17.14.36518.9
MinimumVisualStudioVersion = 10.0.40219.1
Project("{FAE04EC0-301F-11D3-BF4B-00C04F79EFBC}") = "EvoSpin", "EvoSpin\EvoSpin.csproj", "{ED70840B-B2F9-4C64-B877-2D3D44AB501C}"
EndProject
Global
	GlobalSection(SolutionConfigurationPlatforms) = preSolution
		Debug|Any CPU = Debug|Any CPU
		Release|Any CPU = Release|Any CPU
	EndGlobalSection
	GlobalSection(ProjectConfigurationPlatforms) = postSolution
		{ED70840B-B2F9-4C64-B877-2D3D44AB501C}.Debug|Any CPU.ActiveCfg = Debug|Any CPU
		{ED70840B-B2F9-4C64-B877-2D3D44AB501C}.Debug|Any CPU.Build.0 = Debug|Any CPU
		{ED70840B-B2F9-4C64-B877-2D3D44AB501C}.Release|Any CPU.ActiveCfg = Release|Any CPU
		{ED70840B-B2F9-4C64-B877-2D3D44AB501C}.Release|Any CPU.Build.0 = Release|Any CPU
	EndGlobalSection
	GlobalSection(SolutionProperties) = preSolution
		HideSolutionNode = FALSE
	EndGlobalSection
	GlobalSection(ExtensibilityGlobals) = postSolution
		SolutionGuid = {230BB20C-B96E-4EF3-965A-9361E1BC262D}
	EndGlobalSection
EndGlobal
